
Microsoft Visual Studio Solution File, Format Version 12.00
# Visual Studio Version 17
VisualStudioVersion = 17.10.35013.160
MinimumVisualStudioVersion = 10.0.40219.1
Project("{FAE04EC0-301F-11D3-BF4B-00C04F79EFBC}") = "New.PL", "New.PL\New.PL.csproj", "{AD6627CD-0AE0-4004-BF69-8D875082CB9D}"
EndProject
Project("{FAE04EC0-301F-11D3-BF4B-00C04F79EFBC}") = "News.DAL", "News.DAL\News.DAL.csproj", "{21A55798-4867-4688-BDD9-33928FBCE7D6}"
EndProject
Project("{FAE04EC0-301F-11D3-BF4B-00C04F79EFBC}") = "News.BLL", "News.BLL\News.BLL.csproj", "{B52E467C-B6D4-4974-9663-378DF32B1A74}"
EndProject
Global
	GlobalSection(SolutionConfigurationPlatforms) = preSolution
		Debug|Any CPU = Debug|Any CPU
		Release|Any CPU = Release|Any CPU
	EndGlobalSection
	GlobalSection(ProjectConfigurationPlatforms) = postSolution
		{AD6627CD-0AE0-4004-BF69-8D875082CB9D}.Debug|Any CPU.ActiveCfg = Debug|Any CPU
		{AD6627CD-0AE0-4004-BF69-8D875082CB9D}.Debug|Any CPU.Build.0 = Debug|Any CPU
		{AD6627CD-0AE0-4004-BF69-8D875082CB9D}.Release|Any CPU.ActiveCfg = Release|Any CPU
		{AD6627CD-0AE0-4004-BF69-8D875082CB9D}.Release|Any CPU.Build.0 = Release|Any CPU
		{21A55798-4867-4688-BDD9-33928FBCE7D6}.Debug|Any CPU.ActiveCfg = Debug|Any CPU
		{21A55798-4867-4688-BDD9-33928FBCE7D6}.Debug|Any CPU.Build.0 = Debug|Any CPU
		{21A55798-4867-4688-BDD9-33928FBCE7D6}.Release|Any CPU.ActiveCfg = Release|Any CPU
		{21A55798-4867-4688-BDD9-33928FBCE7D6}.Release|Any CPU.Build.0 = Release|Any CPU
		{B52E467C-B6D4-4974-9663-378DF32B1A74}.Debug|Any CPU.ActiveCfg = Debug|Any CPU
		{B52E467C-B6D4-4974-9663-378DF32B1A74}.Debug|Any CPU.Build.0 = Debug|Any CPU
		{B52E467C-B6D4-4974-9663-378DF32B1A74}.Release|Any CPU.ActiveCfg = Release|Any CPU
		{B52E467C-B6D4-4974-9663-378DF32B1A74}.Release|Any CPU.Build.0 = Release|Any CPU
	EndGlobalSection
	GlobalSection(SolutionProperties) = preSolution
		HideSolutionNode = FALSE
	EndGlobalSection
	GlobalSection(ExtensibilityGlobals) = postSolution
		SolutionGuid = {A3781D62-1313-4245-870D-1441A997C7EC}
	EndGlobalSection
EndGlobal
